
Microsoft Visual Studio Solution File, Format Version 12.00
# Visual Studio Version 17
VisualStudioVersion = 17.14.36603.0 d17.14
MinimumVisualStudioVersion = 10.0.40219.1
Project("{FAE04EC0-301F-11D3-BF4B-00C04F79EFBC}") = "oceangate_r", "oceangate_r.csproj", "{BDAEB052-E184-4B2C-8210-50A2A79D7DD8}"
EndProject
Global
	GlobalSection(SolutionConfigurationPlatforms) = preSolution
		Debug|Any CPU = Debug|Any CPU
		Release|Any CPU = Release|Any CPU
	EndGlobalSection
	GlobalSection(ProjectConfigurationPlatforms) = postSolution
		{BDAEB052-E184-4B2C-8210-50A2A79D7DD8}.Debug|Any CPU.ActiveCfg = Debug|Any CPU
		{BDAEB052-E184-4B2C-8210-50A2A79D7DD8}.Debug|Any CPU.Build.0 = Debug|Any CPU
		{BDAEB052-E184-4B2C-8210-50A2A79D7DD8}.Release|Any CPU.ActiveCfg = Release|Any CPU
		{BDAEB052-E184-4B2C-8210-50A2A79D7DD8}.Release|Any CPU.Build.0 = Release|Any CPU
	EndGlobalSection
	GlobalSection(SolutionProperties) = preSolution
		HideSolutionNode = FALSE
	EndGlobalSection
	GlobalSection(ExtensibilityGlobals) = postSolution
		SolutionGuid = {8E6117E3-044B-48A0-8DFB-9FE7C6F70C03}
	EndGlobalSection
EndGlobal
